Microsoft Visual Studio Solution File, Format Version 12.00
# Visual Studio Version 17
VisualStudioVersion = 17.5.2.0
MinimumVisualStudioVersion = 10.0.40219.1
Project("{FAE04EC0-301F-11D3-BF4B-00C04F79EFBC}") = "McpLampada", "McpLampada.csproj", "{DB1DDF83-75A1-B176-A728-E914C921EF6D}"
EndProject
Global
	GlobalSection(SolutionConfigurationPlatforms) = preSolution
		Debug|Any CPU = Debug|Any CPU
		Release|Any CPU = Release|Any CPU
	EndGlobalSection
	GlobalSection(ProjectConfigurationPlatforms) = postSolution
		{DB1DDF83-75A1-B176-A728-E914C921EF6D}.Debug|Any CPU.ActiveCfg = Debug|Any CPU
		{DB1DDF83-75A1-B176-A728-E914C921EF6D}.Debug|Any CPU.Build.0 = Debug|Any CPU
		{DB1DDF83-75A1-B176-A728-E914C921EF6D}.Release|Any CPU.ActiveCfg = Release|Any CPU
		{DB1DDF83-75A1-B176-A728-E914C921EF6D}.Release|Any CPU.Build.0 = Release|Any CPU
	EndGlobalSection
	GlobalSection(SolutionProperties) = preSolution
		HideSolutionNode = FALSE
	EndGlobalSection
	GlobalSection(ExtensibilityGlobals) = postSolution
		SolutionGuid = {3FD9BEA7-D27D-47F4-B6B8-E0146902D852}
	EndGlobalSection
EndGlobal
